
Microsoft Visual Studio Solution File, Format Version 12.00
# Visual Studio Version 17
VisualStudioVersion = 17.7.34031.279
MinimumVisualStudioVersion = 10.0.40219.1
Project("{FAE04EC0-301F-11D3-BF4B-00C04F79EFBC}") = "U6-w1-d3", "U6-w1-d3\U6-w1-d3.csproj", "{30F4BA13-B370-4651-B998-2FDDB7F672C3}"
EndProject
Global
	GlobalSection(SolutionConfigurationPlatforms) = preSolution
		Debug|Any CPU = Debug|Any CPU
		Release|Any CPU = Release|Any CPU
	EndGlobalSection
	GlobalSection(ProjectConfigurationPlatforms) = postSolution
		{30F4BA13-B370-4651-B998-2FDDB7F672C3}.Debug|Any CPU.ActiveCfg = Debug|Any CPU
		{30F4BA13-B370-4651-B998-2FDDB7F672C3}.Debug|Any CPU.Build.0 = Debug|Any CPU
		{30F4BA13-B370-4651-B998-2FDDB7F672C3}.Release|Any CPU.ActiveCfg = Release|Any CPU
		{30F4BA13-B370-4651-B998-2FDDB7F672C3}.Release|Any CPU.Build.0 = Release|Any CPU
	EndGlobalSection
	GlobalSection(SolutionProperties) = preSolution
		HideSolutionNode = FALSE
	EndGlobalSection
	GlobalSection(ExtensibilityGlobals) = postSolution
		SolutionGuid = {A2FCF59F-3BEC-4308-8C8C-224FCA0479CB}
	EndGlobalSection
EndGlobal
